
Microsoft Visual Studio Solution File, Format Version 12.00
# Visual Studio 15
VisualStudioVersion = 15.0.28010.2046
MinimumVisualStudioVersion = 10.0.40219.1
Project("{FAE04EC0-301F-11D3-BF4B-00C04F79EFBC}") = "Ex1", "Ex1\Ex1.csproj", "{B9CB867F-0ABD-46DA-8506-1BD898A97F37}"
EndProject
Project("{FAE04EC0-301F-11D3-BF4B-00C04F79EFBC}") = "Ex3", "Ex3\Ex3.csproj", "{47F11C45-43AE-4FA5-9E3B-268924083F98}"
EndProject
Project("{FAE04EC0-301F-11D3-BF4B-00C04F79EFBC}") = "Ex2", "Ex2\Ex2.csproj", "{8E88C85C-45F9-49A6-A3F8-9ED7F580FDA3}"
EndProject
Project("{FAE04EC0-301F-11D3-BF4B-00C04F79EFBC}") = "Ex4", "Ex4\Ex4.csproj", "{F7A53ED7-F2AF-4E6D-821E-66DBC01273E4}"
EndProject
Project("{FAE04EC0-301F-11D3-BF4B-00C04F79EFBC}") = "Ex5", "Ex5\Ex5.csproj", "{4D9DE4D2-E56B-4087-83A7-72523885E97F}"
EndProject
Project("{FAE04EC0-301F-11D3-BF4B-00C04F79EFBC}") = "Ex6", "Ex6\Ex6.csproj", "{5F5D080B-C61C-4BAE-97F5-B297786DB1D1}"
EndProject
Project("{FAE04EC0-301F-11D3-BF4B-00C04F79EFBC}") = "Ex7", "Ex7\Ex7.csproj", "{AC9A4BE5-5C85-4840-8C95-1C0F62973156}"
EndProject
Project("{FAE04EC0-301F-11D3-BF4B-00C04F79EFBC}") = "Ex8", "Ex8\Ex8.csproj", "{931BB153-81B5-4672-9A4F-D02F79274919}"
EndProject
Project("{FAE04EC0-301F-11D3-BF4B-00C04F79EFBC}") = "Ex9", "Ex9\Ex9.csproj", "{9FF80760-B63A-4B07-9955-5DCB04B78367}"
EndProject
Project("{FAE04EC0-301F-11D3-BF4B-00C04F79EFBC}") = "Ex10", "Ex10\Ex10.csproj", "{23FA0732-1FAA-4910-9237-C558433B8E16}"
EndProject
Project("{FAE04EC0-301F-11D3-BF4B-00C04F79EFBC}") = "Ex11", "Ex11\Ex11.csproj", "{AFB62403-476F-4A75-9575-24581C85E58C}"
EndProject
Project("{FAE04EC0-301F-11D3-BF4B-00C04F79EFBC}") = "Ex13", "Ex13\Ex13.csproj", "{24DCBF8B-977A-447B-A812-9FE3051D5A68}"
EndProject
Project("{FAE04EC0-301F-11D3-BF4B-00C04F79EFBC}") = "Ex12", "Ex12\Ex12.csproj", "{17BE6A98-5022-4AEE-8DF6-9A7165B21637}"
EndProject
Project("{FAE04EC0-301F-11D3-BF4B-00C04F79EFBC}") = "Ex15", "Ex15\Ex15.csproj", "{98704471-DFC2-4B1B-8BEE-E288B10BED19}"
EndProject
Project("{FAE04EC0-301F-11D3-BF4B-00C04F79EFBC}") = "Ex14", "Ex14\Ex14.csproj", "{2D6C943F-4374-4E52-A00D-7296F2143F90}"
EndProject
Global
	GlobalSection(SolutionConfigurationPlatforms) = preSolution
		Debug|Any CPU = Debug|Any CPU
		Release|Any CPU = Release|Any CPU
	EndGlobalSection
	GlobalSection(ProjectConfigurationPlatforms) = postSolution
		{B9CB867F-0ABD-46DA-8506-1BD898A97F37}.Debug|Any CPU.ActiveCfg = Debug|Any CPU
		{B9CB867F-0ABD-46DA-8506-1BD898A97F37}.Debug|Any CPU.Build.0 = Debug|Any CPU
		{B9CB867F-0ABD-46DA-8506-1BD898A97F37}.Release|Any CPU.ActiveCfg = Release|Any CPU
		{B9CB867F-0ABD-46DA-8506-1BD898A97F37}.Release|Any CPU.Build.0 = Release|Any CPU
		{47F11C45-43AE-4FA5-9E3B-268924083F98}.Debug|Any CPU.ActiveCfg = Debug|Any CPU
		{47F11C45-43AE-4FA5-9E3B-268924083F98}.Debug|Any CPU.Build.0 = Debug|Any CPU
		{47F11C45-43AE-4FA5-9E3B-268924083F98}.Release|Any CPU.ActiveCfg = Release|Any CPU
		{47F11C45-43AE-4FA5-9E3B-268924083F98}.Release|Any CPU.Build.0 = Release|Any CPU
		{8E88C85C-45F9-49A6-A3F8-9ED7F580FDA3}.Debug|Any CPU.ActiveCfg = Debug|Any CPU
		{8E88C85C-45F9-49A6-A3F8-9ED7F580FDA3}.Debug|Any CPU.Build.0 = Debug|Any CPU
		{8E88C85C-45F9-49A6-A3F8-9ED7F580FDA3}.Release|Any CPU.ActiveCfg = Release|Any CPU
		{8E88C85C-45F9-49A6-A3F8-9ED7F580FDA3}.Release|Any CPU.Build.0 = Release|Any CPU
		{F7A53ED7-F2AF-4E6D-821E-66DBC01273E4}.Debug|Any CPU.ActiveCfg = Debug|Any CPU
		{F7A53ED7-F2AF-4E6D-821E-66DBC01273E4}.Debug|Any CPU.Build.0 = Debug|Any CPU
		{F7A53ED7-F2AF-4E6D-821E-66DBC01273E4}.Release|Any CPU.ActiveCfg = Release|Any CPU
		{F7A53ED7-F2AF-4E6D-821E-66DBC01273E4}.Release|Any CPU.Build.0 = Release|Any CPU
		{4D9DE4D2-E56B-4087-83A7-72523885E97F}.Debug|Any CPU.ActiveCfg = Debug|Any CPU
		{4D9DE4D2-E56B-4087-83A7-72523885E97F}.Debug|Any CPU.Build.0 = Debug|Any CPU
		{4D9DE4D2-E56B-4087-83A7-72523885E97F}.Release|Any CPU.ActiveCfg = Release|Any CPU
		{4D9DE4D2-E56B-4087-83A7-72523885E97F}.Release|Any CPU.Build.0 = Release|Any CPU
		{5F5D080B-C61C-4BAE-97F5-B297786DB1D1}.Debug|Any CPU.ActiveCfg = Debug|Any CPU
		{5F5D080B-C61C-4BAE-97F5-B297786DB1D1}.Debug|Any CPU.Build.0 = Debug|Any CPU
		{5F5D080B-C61C-4BAE-97F5-B297786DB1D1}.Release|Any CPU.ActiveCfg = Release|Any CPU
		{5F5D080B-C61C-4BAE-97F5-B297786DB1D1}.Release|Any CPU.Build.0 = Release|Any CPU
		{AC9A4BE5-5C85-4840-8C95-1C0F62973156}.Debug|Any CPU.ActiveCfg = Debug|Any CPU
		{AC9A4BE5-5C85-4840-8C95-1C0F62973156}.Debug|Any CPU.Build.0 = Debug|Any CPU
		{AC9A4BE5-5C85-4840-8C95-1C0F62973156}.Release|Any CPU.ActiveCfg = Release|Any CPU
		{AC9A4BE5-5C85-4840-8C95-1C0F62973156}.Release|Any CPU.Build.0 = Release|Any CPU
		{931BB153-81B5-4672-9A4F-D02F79274919}.Debug|Any CPU.ActiveCfg = Debug|Any CPU
		{931BB153-81B5-4672-9A4F-D02F79274919}.Debug|Any CPU.Build.0 = Debug|Any CPU
		{931BB153-81B5-4672-9A4F-D02F79274919}.Release|Any CPU.ActiveCfg = Release|Any CPU
		{931BB153-81B5-4672-9A4F-D02F79274919}.Release|Any CPU.Build.0 = Release|Any CPU
		{9FF80760-B63A-4B07-9955-5DCB04B78367}.Debug|Any CPU.ActiveCfg = Debug|Any CPU
		{9FF80760-B63A-4B07-9955-5DCB04B78367}.Debug|Any CPU.Build.0 = Debug|Any CPU
		{9FF80760-B63A-4B07-9955-5DCB04B78367}.Release|Any CPU.ActiveCfg = Release|Any CPU
		{9FF80760-B63A-4B07-9955-5DCB04B78367}.Release|Any CPU.Build.0 = Release|Any CPU
		{23FA0732-1FAA-4910-9237-C558433B8E16}.Debug|Any CPU.ActiveCfg = Debug|Any CPU
		{23FA0732-1FAA-4910-9237-C558433B8E16}.Debug|Any CPU.Build.0 = Debug|Any CPU
		{23FA0732-1FAA-4910-9237-C558433B8E16}.Release|Any CPU.ActiveCfg = Release|Any CPU
		{23FA0732-1FAA-4910-9237-C558433B8E16}.Release|Any CPU.Build.0 = Release|Any CPU
		{AFB62403-476F-4A75-9575-24581C85E58C}.Debug|Any CPU.ActiveCfg = Debug|Any CPU
		{AFB62403-476F-4A75-9575-24581C85E58C}.Debug|Any CPU.Build.0 = Debug|Any CPU
		{AFB62403-476F-4A75-9575-24581C85E58C}.Release|Any CPU.ActiveCfg = Release|Any CPU
		{AFB62403-476F-4A75-9575-24581C85E58C}.Release|Any CPU.Build.0 = Release|Any CPU
		{24DCBF8B-977A-447B-A812-9FE3051D5A68}.Debug|Any CPU.ActiveCfg = Debug|Any CPU
		{24DCBF8B-977A-447B-A812-9FE3051D5A68}.Debug|Any CPU.Build.0 = Debug|Any CPU
		{24DCBF8B-977A-447B-A812-9FE3051D5A68}.Release|Any CPU.ActiveCfg = Release|Any CPU
		{24DCBF8B-977A-447B-A812-9FE3051D5A68}.Release|Any CPU.Build.0 = Release|Any CPU
		{17BE6A98-5022-4AEE-8DF6-9A7165B21637}.Debug|Any CPU.ActiveCfg = Debug|Any CPU
		{17BE6A98-5022-4AEE-8DF6-9A7165B21637}.Debug|Any CPU.Build.0 = Debug|Any CPU
		{17BE6A98-5022-4AEE-8DF6-9A7165B21637}.Release|Any CPU.ActiveCfg = Release|Any CPU
		{17BE6A98-5022-4AEE-8DF6-9A7165B21637}.Release|Any CPU.Build.0 = Release|Any CPU
		{98704471-DFC2-4B1B-8BEE-E288B10BED19}.Debug|Any CPU.ActiveCfg = Debug|Any CPU
		{98704471-DFC2-4B1B-8BEE-E288B10BED19}.Debug|Any CPU.Build.0 = Debug|Any CPU
		{98704471-DFC2-4B1B-8BEE-E288B10BED19}.Release|Any CPU.ActiveCfg = Release|Any CPU
		{98704471-DFC2-4B1B-8BEE-E288B10BED19}.Release|Any CPU.Build.0 = Release|Any CPU
		{2D6C943F-4374-4E52-A00D-7296F2143F90}.Debug|Any CPU.ActiveCfg = Debug|Any CPU
		{2D6C943F-4374-4E52-A00D-7296F2143F90}.Debug|Any CPU.Build.0 = Debug|Any CPU
		{2D6C943F-4374-4E52-A00D-7296F2143F90}.Release|Any CPU.ActiveCfg = Release|Any CPU
		{2D6C943F-4374-4E52-A00D-7296F2143F90}.Release|Any CPU.Build.0 = Release|Any CPU
	EndGlobalSection
	GlobalSection(SolutionProperties) = preSolution
		HideSolutionNode = FALSE
	EndGlobalSection
	GlobalSection(ExtensibilityGlobals) = postSolution
		SolutionGuid = {7DC1B1B7-2515-4714-81A8-E1E9D0397E9B}
	EndGlobalSection
EndGlobal
